// !$*UTF8*$!
{
	archiveVersion = 1;
	classes = {
	};
	objectVersion = 46;
	objects = {

/* Begin PBXBuildFile section */
		2108FD2D1B1BF76A00C24D8F /* AppDelegate.swift in Sources */ = {isa = PBXBuildFile; fileRef = 2108FD2C1B1BF76A00C24D8F /* AppDelegate.swift */; };
		2108FD2F1B1BF76A00C24D8F /* ViewController.swift in Sources */ = {isa = PBXBuildFile; fileRef = 2108FD2E1B1BF76A00C24D8F /* ViewController.swift */; };
		2108FD321B1BF76A00C24D8F /* Main.storyboard in Resources */ = {isa = PBXBuildFile; fileRef = 2108FD301B1BF76A00C24D8F /* Main.storyboard */; };
		2108FD341B1BF76A00C24D8F /* Images.xcassets in Resources */ = {isa = PBXBuildFile; fileRef = 2108FD331B1BF76A00C24D8F /* Images.xcassets */; };
		2108FD371B1BF76A00C24D8F /* LaunchScreen.xib in Resources */ = {isa = PBXBuildFile; fileRef = 2108FD351B1BF76A00C24D8F /* LaunchScreen.xib */; };
		2108FD431B1BF76A00C24D8F /* parsecomTests.swift in Sources */ = {isa = PBXBuildFile; fileRef = 2108FD421B1BF76A00C24D8F /* parsecomTests.swift */; };
		2108FD4E1B1BF84B00C24D8F /* Bolts.framework in Frameworks */ = {isa = PBXBuildFile; fileRef = 2108FD4C1B1BF84B00C24D8F /* Bolts.framework */; };
		2108FD4F1B1BF84B00C24D8F /* Parse.framework in Frameworks */ = {isa = PBXBuildFile; fileRef = 2108FD4D1B1BF84B00C24D8F /* Parse.framework */; };
		2108FD511B1BF93700C24D8F /* AudioToolbox.framework in Frameworks */ = {isa = PBXBuildFile; fileRef = 2108FD501B1BF93700C24D8F /* AudioToolbox.framework */; };
		2108FD531B1BF94400C24D8F /* CFNetwork.framework in Frameworks */ = {isa = PBXBuildFile; fileRef = 2108FD521B1BF94400C24D8F /* CFNetwork.framework */; };
		2108FD551B1BF95100C24D8F /* CoreGraphics.framework in Frameworks */ = {isa = PBXBuildFile; fileRef = 2108FD541B1BF95100C24D8F /* CoreGraphics.framework */; };
		2108FD571B1BF95F00C24D8F /* CoreLocation.framework in Frameworks */ = {isa = PBXBuildFile; fileRef = 2108FD561B1BF95F00C24D8F /* CoreLocation.framework */; };
		2108FD591B1BF97B00C24D8F /* MobileCoreServices.framework in Frameworks */ = {isa = PBXBuildFile; fileRef = 2108FD581B1BF97B00C24D8F /* MobileCoreServices.framework */; };
		2108FD5B1B1BF98D00C24D8F /* QuartzCore.framework in Frameworks */ = {isa = PBXBuildFile; fileRef = 2108FD5A1B1BF98D00C24D8F /* QuartzCore.framework */; };
		2108FD5D1B1BF99F00C24D8F /* Security.framework in Frameworks */ = {isa = PBXBuildFile; fileRef = 2108FD5C1B1BF99F00C24D8F /* Security.framework */; };
		2108FD5F1B1BF9AE00C24D8F /* StoreKit.framework in Frameworks */ = {isa = PBXBuildFile; fileRef = 2108FD5E1B1BF9AE00C24D8F /* StoreKit.framework */; };
		2108FD611B1BF9CD00C24D8F /* SystemConfiguration.framework in Frameworks */ = {isa = PBXBuildFile; fileRef = 2108FD601B1BF9CD00C24D8F /* SystemConfiguration.framework */; };
		2108FD631B1BF9DC00C24D8F /* libz.dylib in Frameworks */ = {isa = PBXBuildFile; fileRef = 2108FD621B1BF9DC00C24D8F /* libz.dylib */; };
		2108FD651B1BF9EB00C24D8F /* libsqlite3.dylib in Frameworks */ = {isa = PBXBuildFile; fileRef = 2108FD641B1BF9EA00C24D8F /* libsqlite3.dylib */; };
		2108FD681B266FED00C24D8F /* ListTableViewController.swift in Sources */ = {isa = PBXBuildFile; fileRef = 2108FD671B266FED00C24D8F /* ListTableViewController.swift */; };
/* End PBXBuildFile section */

/* Begin PBXContainerItemProxy section */
		2108FD3D1B1BF76A00C24D8F /* PBXContainerItemProxy */ = {
			isa = PBXContainerItemProxy;
			containerPortal = 2108FD1F1B1BF76900C24D8F /* Project object */;
			proxyType = 1;
			remoteGlobalIDString = 2108FD261B1BF76A00C24D8F;
			remoteInfo = parsecom;
		};
/* End PBXContainerItemProxy section */

/* Begin PBXFileReference section */
		2108FD271B1BF76A00C24D8F /* parsecom.app */ = {isa = PBXFileReference; explicitFileType = wrapper.application; includeInIndex = 0; path = parsecom.app; sourceTree = BUILT_PRODUCTS_DIR; };
		2108FD2B1B1BF76A00C24D8F /* Info.plist */ = {isa = PBXFileReference; lastKnownFileType = text.plist.xml; path = Info.plist; sourceTree = "<group>"; };
		2108FD2C1B1BF76A00C24D8F /* AppDelegate.swift */ = {isa = PBXFileReference; lastKnownFileType = sourcecode.swift; path = AppDelegate.swift; sourceTree = "<group>"; };
		2108FD2E1B1BF76A00C24D8F /* ViewController.swift */ = {isa = PBXFileReference; lastKnownFileType = sourcecode.swift; path = ViewController.swift; sourceTree = "<group>"; };
		2108FD311B1BF76A00C24D8F /* Base */ = {isa = PBXFileReference; lastKnownFileType = file.storyboard; name = Base; path = Base.lproj/Main.storyboard; sourceTree = "<group>"; };
		2108FD331B1BF76A00C24D8F /* Images.xcassets */ = {isa = PBXFileReference; lastKnownFileType = folder.assetcatalog; path = Images.xcassets; sourceTree = "<group>"; };
		2108FD361B1BF76A00C24D8F /* Base */ = {isa = PBXFileReference; lastKnownFileType = file.xib; name = Base; path = Base.lproj/LaunchScreen.xib; sourceTree = "<group>"; };
		2108FD3C1B1BF76A00C24D8F /* parsecomTests.xctest */ = {isa = PBXFileReference; explicitFileType = wrapper.cfbundle; includeInIndex = 0; path = parsecomTests.xctest; sourceTree = BUILT_PRODUCTS_DIR; };
		2108FD411B1BF76A00C24D8F /* Info.plist */ = {isa = PBXFileReference; lastKnownFileType = text.plist.xml; path = Info.plist; sourceTree = "<group>"; };
		2108FD421B1BF76A00C24D8F /* parsecomTests.swift */ = {isa = PBXFileReference; lastKnownFileType = sourcecode.swift; path = parsecomTests.swift; sourceTree = "<group>"; };
		2108FD4C1B1BF84B00C24D8F /* Bolts.framework */ = {isa = PBXFileReference; lastKnownFileType = wrapper.framework; path = Bolts.framework; sourceTree = "<group>"; };
		2108FD4D1B1BF84B00C24D8F /* Parse.framework */ = {isa = PBXFileReference; lastKnownFileType = wrapper.framework; path = Parse.framework; sourceTree = "<group>"; };
		2108FD501B1BF93700C24D8F /* AudioToolbox.framework */ = {isa = PBXFileReference; lastKnownFileType = wrapper.framework; name = AudioToolbox.framework; path = System/Library/Frameworks/AudioToolbox.framework; sourceTree = SDKROOT; };
		2108FD521B1BF94400C24D8F /* CFNetwork.framework */ = {isa = PBXFileReference; lastKnownFileType = wrapper.framework; name = CFNetwork.framework; path = System/Library/Frameworks/CFNetwork.framework; sourceTree = SDKROOT; };
		2108FD541B1BF95100C24D8F /* CoreGraphics.framework */ = {isa = PBXFileReference; lastKnownFileType = wrapper.framework; name = CoreGraphics.framework; path = System/Library/Frameworks/CoreGraphics.framework; sourceTree = SDKROOT; };
		2108FD561B1BF95F00C24D8F /* CoreLocation.framework */ = {isa = PBXFileReference; lastKnownFileType = wrapper.framework; name = CoreLocation.framework; path = System/Library/Frameworks/CoreLocation.framework; sourceTree = SDKROOT; };
		2108FD581B1BF97B00C24D8F /* MobileCoreServices.framework */ = {isa = PBXFileReference; lastKnownFileType = wrapper.framework; name = MobileCoreServices.framework; path = System/Library/Frameworks/MobileCoreServices.framework; sourceTree = SDKROOT; };
		2108FD5A1B1BF98D00C24D8F /* QuartzCore.framework */ = {isa = PBXFileReference; lastKnownFileType = wrapper.framework; name = QuartzCore.framework; path = System/Library/Frameworks/QuartzCore.framework; sourceTree = SDKROOT; };
		2108FD5C1B1BF99F00C24D8F /* Security.framework */ = {isa = PBXFileReference; lastKnownFileType = wrapper.framework; name = Security.framework; path = System/Library/Frameworks/Security.framework; sourceTree = SDKROOT; };
		2108FD5E1B1BF9AE00C24D8F /* StoreKit.framework */ = {isa = PBXFileReference; lastKnownFileType = wrapper.framework; name = StoreKit.framework; path = System/Library/Frameworks/StoreKit.framework; sourceTree = SDKROOT; };
		2108FD601B1BF9CD00C24D8F /* SystemConfiguration.framework */ = {isa = PBXFileReference; lastKnownFileType = wrapper.framework; name = SystemConfiguration.framework; path = System/Library/Frameworks/SystemConfiguration.framework; sourceTree = SDKROOT; };
		2108FD621B1BF9DC00C24D8F /* libz.dylib */ = {isa = PBXFileReference; lastKnownFileType = "compiled.mach-o.dylib"; name = libz.dylib; path = usr/lib/libz.dylib; sourceTree = SDKROOT; };
		2108FD641B1BF9EA00C24D8F /* libsqlite3.dylib */ = {isa = PBXFileReference; lastKnownFileType = "compiled.mach-o.dylib"; name = libsqlite3.dylib; path = usr/lib/libsqlite3.dylib; sourceTree = SDKROOT; };
		2108FD671B266FED00C24D8F /* ListTableViewController.swift */ = {isa = PBXFileReference; fileEncoding = 4; lastKnownFileType = sourcecode.swift; name = ListTableViewController.swift; path = ../ListTableViewController.swift; sourceTree = "<group>"; };
/* End PBXFileReference section */

/* Begin PBXFrameworksBuildPhase section */
		2108FD241B1BF76A00C24D8F /* Frameworks */ = {
			isa = PBXFrameworksBuildPhase;
			buildActionMask = 2147483647;
			files = (
				2108FD651B1BF9EB00C24D8F /* libsqlite3.dylib in Frameworks */,
				2108FD631B1BF9DC00C24D8F /* libz.dylib in Frameworks */,
				2108FD611B1BF9CD00C24D8F /* SystemConfiguration.framework in Frameworks */,
				2108FD5F1B1BF9AE00C24D8F /* StoreKit.framework in Frameworks */,
				2108FD5D1B1BF99F00C24D8F /* Security.framework in Frameworks */,
				2108FD5B1B1BF98D00C24D8F /* QuartzCore.framework in Frameworks */,
				2108FD591B1BF97B00C24D8F /* MobileCoreServices.framework in Frameworks */,
				2108FD571B1BF95F00C24D8F /* CoreLocation.framework in Frameworks */,
				2108FD551B1BF95100C24D8F /* CoreGraphics.framework in Frameworks */,
				2108FD531B1BF94400C24D8F /* CFNetwork.framework in Frameworks */,
				2108FD511B1BF93700C24D8F /* AudioToolbox.framework in Frameworks */,
				2108FD4F1B1BF84B00C24D8F /* Parse.framework in Frameworks */,
				2108FD4E1B1BF84B00C24D8F /* Bolts.framework in Frameworks */,
			);
			runOnlyForDeploymentPostprocessing = 0;
		};
		2108FD391B1BF76A00C24D8F /* Frameworks */ = {
			isa = PBXFrameworksBuildPhase;
			buildActionMask = 2147483647;
			files = (
			);
			runOnlyForDeploymentPostprocessing = 0;
		};
/* End PBXFrameworksBuildPhase section */

/* Begin PBXGroup section */
		2108FD1E1B1BF76900C24D8F = {
			isa = PBXGroup;
			children = (
				2108FD661B1BFA1800C24D8F /* Frameworks */,
				2108FD291B1BF76A00C24D8F /* parsecom */,
				2108FD3F1B1BF76A00C24D8F /* parsecomTests */,
				2108FD281B1BF76A00C24D8F /* Products */,
			);
			sourceTree = "<group>";
		};
		2108FD281B1BF76A00C24D8F /* Products */ = {
			isa = PBXGroup;
			children = (
				2108FD271B1BF76A00C24D8F /* parsecom.app */,
				2108FD3C1B1BF76A00C24D8F /* parsecomTests.xctest */,
			);
			name = Products;
			sourceTree = "<group>";
		};
		2108FD291B1BF76A00C24D8F /* parsecom */ = {
			isa = PBXGroup;
			children = (
				2108FD2C1B1BF76A00C24D8F /* AppDelegate.swift */,
				2108FD671B266FED00C24D8F /* ListTableViewController.swift */,
				2108FD2E1B1BF76A00C24D8F /* ViewController.swift */,
				2108FD301B1BF76A00C24D8F /* Main.storyboard */,
				2108FD331B1BF76A00C24D8F /* Images.xcassets */,
				2108FD351B1BF76A00C24D8F /* LaunchScreen.xib */,
				2108FD2A1B1BF76A00C24D8F /* Supporting Files */,
			);
			path = parsecom;
			sourceTree = "<group>";
		};
		2108FD2A1B1BF76A00C24D8F /* Supporting Files */ = {
			isa = PBXGroup;
			children = (
				2108FD2B1B1BF76A00C24D8F /* Info.plist */,
			);
			name = "Supporting Files";
			sourceTree = "<group>";
		};
		2108FD3F1B1BF76A00C24D8F /* parsecomTests */ = {
			isa = PBXGroup;
			children = (
				2108FD421B1BF76A00C24D8F /* parsecomTests.swift */,
				2108FD401B1BF76A00C24D8F /* Supporting Files */,
			);
			path = parsecomTests;
			sourceTree = "<group>";
		};
		2108FD401B1BF76A00C24D8F /* Supporting Files */ = {
			isa = PBXGroup;
			children = (
				2108FD411B1BF76A00C24D8F /* Info.plist */,
			);
			name = "Supporting Files";
			sourceTree = "<group>";
		};
		2108FD661B1BFA1800C24D8F /* Frameworks */ = {
			isa = PBXGroup;
			children = (
				2108FD641B1BF9EA00C24D8F /* libsqlite3.dylib */,
				2108FD621B1BF9DC00C24D8F /* libz.dylib */,
				2108FD4D1B1BF84B00C24D8F /* Parse.framework */,
				2108FD4C1B1BF84B00C24D8F /* Bolts.framework */,
				2108FD501B1BF93700C24D8F /* AudioToolbox.framework */,
				2108FD521B1BF94400C24D8F /* CFNetwork.framework */,
				2108FD541B1BF95100C24D8F /* CoreGraphics.framework */,
				2108FD561B1BF95F00C24D8F /* CoreLocation.framework */,
				2108FD581B1BF97B00C24D8F /* MobileCoreServices.framework */,
				2108FD5A1B1BF98D00C24D8F /* QuartzCore.framework */,
				2108FD5C1B1BF99F00C24D8F /* Security.framework */,
				2108FD5E1B1BF9AE00C24D8F /* StoreKit.framework */,
				2108FD601B1BF9CD00C24D8F /* SystemConfiguration.framework */,
			);
			name = Frameworks;
			sourceTree = "<group>";
		};
/* End PBXGroup section */

/* Begin PBXNativeTarget section */
		2108FD261B1BF76A00C24D8F /* parsecom */ = {
			isa = PBXNativeTarget;
			buildConfigurationList = 2108FD461B1BF76A00C24D8F /* Build configuration list for PBXNativeTarget "parsecom" */;
			buildPhases = (
				2108FD231B1BF76A00C24D8F /* Sources */,
				2108FD241B1BF76A00C24D8F /* Frameworks */,
				2108FD251B1BF76A00C24D8F /* Resources */,
			);
			buildRules = (
			);
			dependencies = (
			);
			name = parsecom;
			productName = parsecom;
			productReference = 2108FD271B1BF76A00C24D8F /* parsecom.app */;
			productType = "com.apple.product-type.application";
		};
		2108FD3B1B1BF76A00C24D8F /* parsecomTests */ = {
			isa = PBXNativeTarget;
			buildConfigurationList = 2108FD491B1BF76A00C24D8F /* Build configuration list for PBXNativeTarget "parsecomTests" */;
			buildPhases = (
				2108FD381B1BF76A00C24D8F /* Sources */,
				2108FD391B1BF76A00C24D8F /* Frameworks */,
				2108FD3A1B1BF76A00C24D8F /* Resources */,
			);
			buildRules = (
			);
			dependencies = (
				2108FD3E1B1BF76A00C24D8F /* PBXTargetDependency */,
			);
			name = parsecomTests;
			productName = parsecomTests;
			productReference = 2108FD3C1B1BF76A00C24D8F /* parsecomTests.xctest */;
			productType = "com.apple.product-type.bundle.unit-test";
		};
/* End PBXNativeTarget section */

/* Begin PBXProject section */
		2108FD1F1B1BF76900C24D8F /* Project object */ = {
			isa = PBXProject;
			attributes = {
				LastUpgradeCheck = 0620;
				ORGANIZATIONNAME = rm;
				TargetAttributes = {
					2108FD261B1BF76A00C24D8F = {
						CreatedOnToolsVersion = 6.2;
					};
					2108FD3B1B1BF76A00C24D8F = {
						CreatedOnToolsVersion = 6.2;
						TestTargetID = 2108FD261B1BF76A00C24D8F;
					};
				};
			};
			buildConfigurationList = 2108FD221B1BF76900C24D8F /* Build configuration list for PBXProject "parsecom" */;
			compatibilityVersion = "Xcode 3.2";
			developmentRegion = English;
			hasScannedForEncodings = 0;
			knownRegions = (
				en,
				Base,
			);
			mainGroup = 2108FD1E1B1BF76900C24D8F;
			productRefGroup = 2108FD281B1BF76A00C24D8F /* Products */;
			projectDirPath = "";
			projectRoot = "";
			targets = (
				2108FD261B1BF76A00C24D8F /* parsecom */,
				2108FD3B1B1BF76A00C24D8F /* parsecomTests */,
			);
		};
/* End PBXProject section */

/* Begin PBXResourcesBuildPhase section */
		2108FD251B1BF76A00C24D8F /* Resources */ = {
			isa = PBXResourcesBuildPhase;
			buildActionMask = 2147483647;
			files = (
				2108FD321B1BF76A00C24D8F /* Main.storyboard in Resources */,
				2108FD371B1BF76A00C24D8F /* LaunchScreen.xib in Resources */,
				2108FD341B1BF76A00C24D8F /* Images.xcassets in Resources */,
			);
			runOnlyForDeploymentPostprocessing = 0;
		};
		2108FD3A1B1BF76A00C24D8F /* Resources */ = {
			isa = PBXResourcesBuildPhase;
			buildActionMask = 2147483647;
			files = (
			);
			runOnlyForDeploymentPostprocessing = 0;
		};
/* End PBXResourcesBuildPhase section */

/* Begin PBXSourcesBuildPhase section */
		2108FD231B1BF76A00C24D8F /* Sources */ = {
			isa = PBXSourcesBuildPhase;
			buildActionMask = 2147483647;
			files = (
				2108FD681B266FED00C24D8F /* ListTableViewController.swift in Sources */,
				2108FD2F1B1BF76A00C24D8F /* ViewController.swift in Sources */,
				2108FD2D1B1BF76A00C24D8F /* AppDelegate.swift in Sources */,
			);
			runOnlyForDeploymentPostprocessing = 0;
		};
		2108FD381B1BF76A00C24D8F /* Sources */ = {
			isa = PBXSourcesBuildPhase;
			buildActionMask = 2147483647;
			files = (
				2108FD431B1BF76A00C24D8F /* parsecomTests.swift in Sources */,
			);
			runOnlyForDeploymentPostprocessing = 0;
		};
/* End PBXSourcesBuildPhase section */

/* Begin PBXTargetDependency section */
		2108FD3E1B1BF76A00C24D8F /* PBXTargetDependency */ = {
			isa = PBXTargetDependency;
			target = 2108FD261B1BF76A00C24D8F /* parsecom */;
			targetProxy = 2108FD3D1B1BF76A00C24D8F /* PBXContainerItemProxy */;
		};
/* End PBXTargetDependency section */

/* Begin PBXVariantGroup section */
		2108FD301B1BF76A00C24D8F /* Main.storyboard */ = {
			isa = PBXVariantGroup;
			children = (
				2108FD311B1BF76A00C24D8F /* Base */,
			);
			name = Main.storyboard;
			sourceTree = "<group>";
		};
		2108FD351B1BF76A00C24D8F /* LaunchScreen.xib */ = {
			isa = PBXVariantGroup;
			children = (
				2108FD361B1BF76A00C24D8F /* Base */,
			);
			name = LaunchScreen.xib;
			sourceTree = "<group>";
		};
/* End PBXVariantGroup section */

/* Begin XCBuildConfiguration section */
		2108FD441B1BF76A00C24D8F /* Debug */ = {
			isa = XCBuildConfiguration;
			buildSettings = {
				ALWAYS_SEARCH_USER_PATHS = NO;
				CLANG_CXX_LANGUAGE_STANDARD = "gnu++0x";
				CLANG_CXX_LIBRARY = "libc++";
				CLANG_ENABLE_MODULES = YES;
				CLANG_ENABLE_OBJC_ARC = YES;
				CLANG_WARN_BOOL_CONVERSION = YES;
				CLANG_WARN_CONSTANT_CONVERSION = YES;
				CLANG_WARN_DIRECT_OBJC_ISA_USAGE = YES_ERROR;
				CLANG_WARN_EMPTY_BODY = YES;
				CLANG_WARN_ENUM_CONVERSION = YES;
				CLANG_WARN_INT_CONVERSION = YES;
				CLANG_WARN_OBJC_ROOT_CLASS = YES_ERROR;
				CLANG_WARN_UNREACHABLE_CODE = YES;
				CLANG_WARN__DUPLICATE_METHOD_MATCH = YES;
				"CODE_SIGN_IDENTITY[sdk=iphoneos*]" = "iPhone Developer";
				COPY_PHASE_STRIP = NO;
				ENABLE_STRICT_OBJC_MSGSEND = YES;
				GCC_C_LANGUAGE_STANDARD = gnu99;
				GCC_DYNAMIC_NO_PIC = NO;
				GCC_OPTIMIZATION_LEVEL = 0;
				GCC_PREPROCESSOR_DEFINITIONS = (
					"DEBUG=1",
					"$(inherited)",
				);
				GCC_SYMBOLS_PRIVATE_EXTERN = NO;
				GCC_WARN_64_TO_32_BIT_CONVERSION = YES;
				GCC_WARN_ABOUT_RETURN_TYPE = YES_ERROR;
				GCC_WARN_UNDECLARED_SELECTOR = YES;
				GCC_WARN_UNINITIALIZED_AUTOS = YES_AGGRESSIVE;
				GCC_WARN_UNUSED_FUNCTION = YES;
				GCC_WARN_UNUSED_VARIABLE = YES;
				IPHONEOS_DEPLOYMENT_TARGET = 8.2;
				MTL_ENABLE_DEBUG_INFO = YES;
				ONLY_ACTIVE_ARCH = YES;
				SDKROOT = iphoneos;
				SWIFT_OPTIMIZATION_LEVEL = "-Onone";
			};
			name = Debug;
		};
		2108FD451B1BF76A00C24D8F /* Release */ = {
			isa = XCBuildConfiguration;
			buildSettings = {
				ALWAYS_SEARCH_USER_PATHS = NO;
				CLANG_CXX_LANGUAGE_STANDARD = "gnu++0x";
				CLANG_CXX_LIBRARY = "libc++";
				CLANG_ENABLE_MODULES = YES;
				CLANG_ENABLE_OBJC_ARC = YES;
				CLANG_WARN_BOOL_CONVERSION = YES;
				CLANG_WARN_CONSTANT_CONVERSION = YES;
				CLANG_WARN_DIRECT_OBJC_ISA_USAGE = YES_ERROR;
				CLANG_WARN_EMPTY_BODY = YES;
				CLANG_WARN_ENUM_CONVERSION = YES;
				CLANG_WARN_INT_CONVERSION = YES;
				CLANG_WARN_OBJC_ROOT_CLASS = YES_ERROR;
				CLANG_WARN_UNREACHABLE_CODE = YES;
				CLANG_WARN__DUPLICATE_METHOD_MATCH = YES;
				"CODE_SIGN_IDENTITY[sdk=iphoneos*]" = "iPhone Developer";
				COPY_PHASE_STRIP = NO;
				ENABLE_NS_ASSERTIONS = NO;
				ENABLE_STRICT_OBJC_MSGSEND = YES;
				GCC_C_LANGUAGE_STANDARD = gnu99;
				GCC_WARN_64_TO_32_BIT_CONVERSION = YES;
				GCC_WARN_ABOUT_RETURN_TYPE = YES_ERROR;
				GCC_WARN_UNDECLARED_SELECTOR = YES;
				GCC_WARN_UNINITIALIZED_AUTOS = YES_AGGRESSIVE;
				GCC_WARN_UNUSED_FUNCTION = YES;
				GCC_WARN_UNUSED_VARIABLE = YES;
				IPHONEOS_DEPLOYMENT_TARGET = 8.2;
				MTL_ENABLE_DEBUG_INFO = NO;
				SDKROOT = iphoneos;
				VALIDATE_PRODUCT = YES;
			};
			name = Release;
		};
		2108FD471B1BF76A00C24D8F /* Debug */ = {
			isa = XCBuildConfiguration;
			buildSettings = {
				ASSETCATALOG_COMPILER_APPICON_NAME = AppIcon;
				FRAMEWORK_SEARCH_PATHS = (
					"$(inherited)",
					"$(PROJECT_DIR)",
				);
				INFOPLIST_FILE = parsecom/Info.plist;
				LD_RUNPATH_SEARCH_PATHS = "$(inherited) @executable_path/Frameworks";
				PRODUCT_NAME = "$(TARGET_NAME)";
			};
			name = Debug;
		};
		2108FD481B1BF76A00C24D8F /* Release */ = {
			isa = XCBuildConfiguration;
			buildSettings = {
				ASSETCATALOG_COMPILER_APPICON_NAME = AppIcon;
				FRAMEWORK_SEARCH_PATHS = (
					"$(inherited)",
					"$(PROJECT_DIR)",
				);
				INFOPLIST_FILE = parsecom/Info.plist;
				LD_RUNPATH_SEARCH_PATHS = "$(inherited) @executable_path/Frameworks";
				PRODUCT_NAME = "$(TARGET_NAME)";
			};
			name = Release;
		};
		2108FD4A1B1BF76A00C24D8F /* Debug */ = {
			isa = XCBuildConfiguration;
			buildSettings = {
				BUNDLE_LOADER = "$(TEST_HOST)";
				FRAMEWORK_SEARCH_PATHS = (
					"$(SDKROOT)/Developer/Library/Frameworks",
					"$(inherited)",
				);
				GCC_PREPROCESSOR_DEFINITIONS = (
					"DEBUG=1",
					"$(inherited)",
				);
				INFOPLIST_FILE = parsecomTests/Info.plist;
				LD_RUNPATH_SEARCH_PATHS = "$(inherited) @executable_path/Frameworks @loader_path/Frameworks";
				PRODUCT_NAME = "$(TARGET_NAME)";
				TEST_HOST = "$(BUILT_PRODUCTS_DIR)/parsecom.app/parsecom";
			};
			name = Debug;
		};
		2108FD4B1B1BF76A00C24D8F /* Release */ = {
			isa = XCBuildConfiguration;
			buildSettings = {
				BUNDLE_LOADER = "$(TEST_HOST)";
				FRAMEWORK_SEARCH_PATHS = (
					"$(SDKROOT)/Developer/Library/Frameworks",
					"$(inherited)",
				);
				INFOPLIST_FILE = parsecomTests/Info.plist;
				LD_RUNPATH_SEARCH_PATHS = "$(inherited) @executable_path/Frameworks @loader_path/Frameworks";
				PRODUCT_NAME = "$(TARGET_NAME)";
				TEST_HOST = "$(BUILT_PRODUCTS_DIR)/parsecom.app/parsecom";
			};
			name = Release;
		};
/* End XCBuildConfiguration section */

/* Begin XCConfigurationList section */
		2108FD221B1BF76900C24D8F /* Build configuration list for PBXProject "parsecom" */ = {
			isa = XCConfigurationList;
			buildConfigurations = (
				2108FD441B1BF76A00C24D8F /* Debug */,
				2108FD451B1BF76A00C24D8F /* Release */,
			);
			defaultConfigurationIsVisible = 0;
			defaultConfigurationName = Release;
		};
		2108FD461B1BF76A00C24D8F /* Build configuration list for PBXNativeTarget "parsecom" */ = {
			isa = XCConfigurationList;
			buildConfigurations = (
				2108FD471B1BF76A00C24D8F /* Debug */,
				2108FD481B1BF76A00C24D8F /* Release */,
			);
			defaultConfigurationIsVisible = 0;
		};
		2108FD491B1BF76A00C24D8F /* Build configuration list for PBXNativeTarget "parsecomTests" */ = {
			isa = XCConfigurationList;
			buildConfigurations = (
				2108FD4A1B1BF76A00C24D8F /* Debug */,
				2108FD4B1B1BF76A00C24D8F /* Release */,
			);
			defaultConfigurationIsVisible = 0;
		};
/* End XCConfigurationList section */
	};
	rootObject = 2108FD1F1B1BF76900C24D8F /* Project object */;
}
